{
  "version": 4,
  "terraform_version": "0.12.26",
  "serial": 16,
  "lineage": "ebd24976-c32b-f09a-2b49-542b4efbc0bc",
  "outputs": {},
  "resources": [
    {
      "mode": "managed",
      "type": "aws_cloudfront_distribution",
      "name": "tt1_cloudfront",
      "provider": "provider.aws",
      "instances": [
        {
          "schema_version": 1,
          "attributes": {
            "active_trusted_signers": {
              "enabled": "false",
              "items.#": "0"
            },
            "aliases": null,
            "arn": "arn:aws:cloudfront::790841530660:distribution/E1K0X1G49P88CY",
            "cache_behavior": [],
            "caller_reference": "terraform-20200617092201502300000001",
            "comment": null,
            "custom_error_response": [],
            "default_cache_behavior": [
              {
                "allowed_methods": [
                  "DELETE",
                  "GET",
                  "HEAD",
                  "OPTIONS",
                  "PATCH",
                  "POST",
                  "PUT"
                ],
                "cached_methods": [
                  "GET",
                  "HEAD"
                ],
                "compress": false,
                "default_ttl": 3600,
                "field_level_encryption_id": "",
                "forwarded_values": [
                  {
                    "cookies": [
                      {
                        "forward": "none",
                        "whitelisted_names": null
                      }
                    ],
                    "headers": null,
                    "query_string": false,
                    "query_string_cache_keys": null
                  }
                ],
                "lambda_function_association": [],
                "max_ttl": 86400,
                "min_ttl": 0,
                "smooth_streaming": false,
                "target_origin_id": "S3-tt1-bucket1997",
                "trusted_signers": null,
                "viewer_protocol_policy": "allow-all"
              }
            ],
            "default_root_object": "index.html",
            "domain_name": "d2jcmcifpbkwvq.cloudfront.net",
            "enabled": true,
            "etag": "E1ZZUMA3SDNODP",
            "hosted_zone_id": "Z2FDTNDATAQYW2",
            "http_version": "http2",
            "id": "E1K0X1G49P88CY",
            "in_progress_validation_batches": 0,
            "is_ipv6_enabled": false,
            "last_modified_time": "2020-06-17 09:22:05.578 +0000 UTC",
            "logging_config": [],
            "ordered_cache_behavior": [],
            "origin": [
              {
                "custom_header": [],
                "custom_origin_config": [
                  {
                    "http_port": 80,
                    "https_port": 443,
                    "origin_keepalive_timeout": 5,
                    "origin_protocol_policy": "match-viewer",
                    "origin_read_timeout": 30,
                    "origin_ssl_protocols": [
                      "TLSv1",
                      "TLSv1.1",
                      "TLSv1.2"
                    ]
                  }
                ],
                "domain_name": "tt1-bucket1997.s3.amazonaws.com",
                "origin_id": "S3-tt1-bucket1997",
                "origin_path": "",
                "s3_origin_config": []
              }
            ],
            "origin_group": [],
            "price_class": "PriceClass_All",
            "restrictions": [
              {
                "geo_restriction": [
                  {
                    "locations": null,
                    "restriction_type": "none"
                  }
                ]
              }
            ],
            "retain_on_delete": false,
            "status": "Deployed",
            "tags": null,
            "viewer_certificate": [
              {
                "acm_certificate_arn": "",
                "cloudfront_default_certificate": true,
                "iam_certificate_id": "",
                "minimum_protocol_version": "TLSv1",
                "ssl_support_method": ""
              }
            ],
            "wait_for_deployment": true,
            "web_acl_id": ""
          },
          "private": "eyJzY2hlbWFfdmVyc2lvbiI6IjEifQ==",
          "dependencies": [
            "aws_s3_bucket.tt1_bucket",
            "aws_s3_bucket_public_access_block.tt1_bucket"
          ]
        }
      ]
    },
    {
      "mode": "managed",
      "type": "aws_ebs_volume",
      "name": "tt1_ebs1",
      "provider": "provider.aws",
      "instances": [
        {
          "schema_version": 0,
          "attributes": {
            "arn": "arn:aws:ec2:ap-south-1:790841530660:volume/vol-06fa10177685926c8",
            "availability_zone": "ap-south-1a",
            "encrypted": false,
            "id": "vol-06fa10177685926c8",
            "iops": 100,
            "kms_key_id": "",
            "multi_attach_enabled": false,
            "outpost_arn": "",
            "size": 1,
            "snapshot_id": "",
            "tags": {
              "Name": "tt1_ebs1"
            },
            "type": "gp2"
          },
          "private": "bnVsbA==",
          "dependencies": [
            "aws_instance.tt1_web_OS",
            "aws_key_pair.tt1_key_pair",
            "aws_security_group.tt1_security_group",
            "tls_private_key.tt1_key"
          ]
        }
      ]
    },
    {
      "mode": "managed",
      "type": "aws_instance",
      "name": "tt1_web_OS",
      "provider": "provider.aws",
      "instances": [
        {
          "schema_version": 1,
          "attributes": {
            "ami": "ami-0447a12f28fddb066",
            "arn": "arn:aws:ec2:ap-south-1:790841530660:instance/i-0d902f534900b4b0b",
            "associate_public_ip_address": true,
            "availability_zone": "ap-south-1a",
            "cpu_core_count": 1,
            "cpu_threads_per_core": 1,
            "credit_specification": [
              {
                "cpu_credits": "standard"
              }
            ],
            "disable_api_termination": false,
            "ebs_block_device": [],
            "ebs_optimized": false,
            "ephemeral_block_device": [],
            "get_password_data": false,
            "hibernation": false,
            "host_id": null,
            "iam_instance_profile": "",
            "id": "i-0d902f534900b4b0b",
            "instance_initiated_shutdown_behavior": null,
            "instance_state": "running",
            "instance_type": "t2.micro",
            "ipv6_address_count": 0,
            "ipv6_addresses": [],
            "key_name": "tt1_key",
            "metadata_options": [
              {
                "http_endpoint": "enabled",
                "http_put_response_hop_limit": 1,
                "http_tokens": "optional"
              }
            ],
            "monitoring": false,
            "network_interface": [],
            "network_interface_id": null,
            "outpost_arn": "",
            "password_data": "",
            "placement_group": "",
            "primary_network_interface_id": "eni-0bee3a23b1ea649f7",
            "private_dns": "ip-172-31-39-177.ap-south-1.compute.internal",
            "private_ip": "172.31.39.177",
            "public_dns": "ec2-13-127-27-194.ap-south-1.compute.amazonaws.com",
            "public_ip": "13.127.27.194",
            "root_block_device": [
              {
                "delete_on_termination": true,
                "device_name": "/dev/xvda",
                "encrypted": false,
                "iops": 100,
                "kms_key_id": "",
                "volume_id": "vol-0f77a373f03f448ee",
                "volume_size": 8,
                "volume_type": "gp2"
              }
            ],
            "security_groups": [
              "tt1_security_group"
            ],
            "source_dest_check": true,
            "subnet_id": "subnet-94caf0fc",
            "tags": {
              "Name": "tt1_web_OS"
            },
            "tenancy": "default",
            "timeouts": null,
            "user_data": null,
            "user_data_base64": null,
            "volume_tags": {},
            "vpc_security_group_ids": [
              "sg-062d39db5fa771a53"
            ]
          },
          "private": "eyJlMmJmYjczMC1lY2FhLTExZTYtOGY4OC0zNDM2M2JjN2M0YzAiOnsiY3JlYXRlIjo2MDAwMDAwMDAwMDAsImRlbGV0ZSI6MTIwMDAwMDAwMDAwMCwidXBkYXRlIjo2MDAwMDAwMDAwMDB9LCJzY2hlbWFfdmVyc2lvbiI6IjEifQ==",
          "dependencies": [
            "aws_key_pair.tt1_key_pair",
            "aws_security_group.tt1_security_group",
            "tls_private_key.tt1_key"
          ]
        }
      ]
    },
    {
      "mode": "managed",
      "type": "aws_key_pair",
      "name": "tt1_key_pair",
      "provider": "provider.aws",
      "instances": [
        {
          "schema_version": 1,
          "attributes": {
            "fingerprint": "1a:d6:2d:d2:8f:08:9b:40:53:27:92:12:d0:e5:32:c7",
            "id": "tt1_key",
            "key_name": "tt1_key",
            "key_name_prefix": null,
            "key_pair_id": "key-00dafe758ed5a320d",
            "public_key": "ssh-rsa AAAAB3NzaC1yc2EAAAADAQABAAABAQC0ulwkzNNvXMrLm1t8Fm8/tquExYIdQ++JNtp436pTW7ej0OZIEisY9B3pXmca5NN0wOAkY1hIw4uXWWBPz6eLpviQqGiD3720WfJY+edNSqvqc9hAAq/HtFUrdHN0PqSSFZQQzu+MQkqSeqsl1y97767JlhbZS792IZWgxYuKssfCV8+2WBceeyxx9AgS/0yyxqUtR2jAW50G7kE0W1lM23dkd3iYLsPG+YNoSTv7x7hPA8kqrPw88zG09MUG4y7QEl7E02babIKc/OG2PGGtDB66txDpwwX48yggQyeRUc3+D4KUVFp5WL6RPIEqMpVPYzn6tUldHVTp6QBrTWTf",
            "tags": null
          },
          "private": "eyJzY2hlbWFfdmVyc2lvbiI6IjEifQ==",
          "dependencies": [
            "tls_private_key.tt1_key"
          ]
        }
      ]
    },
    {
      "mode": "managed",
      "type": "aws_s3_bucket",
      "name": "tt1_bucket",
      "provider": "provider.aws",
      "instances": [
        {
          "schema_version": 0,
          "attributes": {
            "acceleration_status": "",
            "acl": "public-read",
            "arn": "arn:aws:s3:::tt1-bucket1997",
            "bucket": "tt1-bucket1997",
            "bucket_domain_name": "tt1-bucket1997.s3.amazonaws.com",
            "bucket_prefix": null,
            "bucket_regional_domain_name": "tt1-bucket1997.s3.ap-south-1.amazonaws.com",
            "cors_rule": [],
            "force_destroy": false,
            "grant": [],
            "hosted_zone_id": "Z11RGJOFQNVJUP",
            "id": "tt1-bucket1997",
            "lifecycle_rule": [],
            "logging": [],
            "object_lock_configuration": [],
            "policy": null,
            "region": "ap-south-1",
            "replication_configuration": [],
            "request_payer": "BucketOwner",
            "server_side_encryption_configuration": [],
            "tags": {
              "Environment": "Dev",
              "Name": "tt1_bucket"
            },
            "versioning": [
              {
                "enabled": true,
                "mfa_delete": false
              }
            ],
            "website": [],
            "website_domain": null,
            "website_endpoint": null
          },
          "private": "bnVsbA=="
        }
      ]
    },
    {
      "mode": "managed",
      "type": "aws_s3_bucket_object",
      "name": "tt1_bucket_object",
      "provider": "provider.aws",
      "instances": [
        {
          "schema_version": 0,
          "attributes": {
            "acl": "public-read",
            "bucket": "tt1-bucket1997",
            "cache_control": "",
            "content": null,
            "content_base64": null,
            "content_disposition": "",
            "content_encoding": "",
            "content_language": "",
            "content_type": "binary/octet-stream",
            "etag": "7c3a247c44a194e53090936ca8eb5bb5",
            "force_destroy": false,
            "id": "front1.png",
            "key": "front1.png",
            "kms_key_id": null,
            "metadata": null,
            "object_lock_legal_hold_status": "",
            "object_lock_mode": "",
            "object_lock_retain_until_date": "",
            "server_side_encryption": "",
            "source": "tt1_image/front1.png",
            "storage_class": "STANDARD",
            "tags": null,
            "version_id": "fejrG7oF5Hk1lTuL5AAbS_mySDDmQwzj",
            "website_redirect": ""
          },
          "private": "bnVsbA==",
          "dependencies": [
            "aws_s3_bucket.tt1_bucket",
            "null_resource.tt1_image"
          ]
        }
      ]
    },
    {
      "mode": "managed",
      "type": "aws_s3_bucket_public_access_block",
      "name": "tt1_bucket",
      "provider": "provider.aws",
      "instances": [
        {
          "schema_version": 0,
          "attributes": {
            "block_public_acls": false,
            "block_public_policy": false,
            "bucket": "tt1-bucket1997",
            "id": "tt1-bucket1997",
            "ignore_public_acls": false,
            "restrict_public_buckets": false
          },
          "private": "bnVsbA==",
          "dependencies": [
            "aws_s3_bucket.tt1_bucket"
          ]
        }
      ]
    },
    {
      "mode": "managed",
      "type": "aws_security_group",
      "name": "tt1_security_group",
      "provider": "provider.aws",
      "instances": [
        {
          "schema_version": 1,
          "attributes": {
            "arn": "arn:aws:ec2:ap-south-1:790841530660:security-group/sg-062d39db5fa771a53",
            "description": "Allow SSH and HTTP inbound traffic",
            "egress": [
              {
                "cidr_blocks": [
                  "0.0.0.0/0"
                ],
                "description": "",
                "from_port": 0,
                "ipv6_cidr_blocks": [],
                "prefix_list_ids": [],
                "protocol": "-1",
                "security_groups": [],
                "self": false,
                "to_port": 0
              }
            ],
            "id": "sg-062d39db5fa771a53",
            "ingress": [
              {
                "cidr_blocks": [
                  "0.0.0.0/0"
                ],
                "description": "HTTP",
                "from_port": 80,
                "ipv6_cidr_blocks": [],
                "prefix_list_ids": [],
                "protocol": "tcp",
                "security_groups": [],
                "self": false,
                "to_port": 80
              },
              {
                "cidr_blocks": [
                  "0.0.0.0/0"
                ],
                "description": "SSH",
                "from_port": 22,
                "ipv6_cidr_blocks": [],
                "prefix_list_ids": [],
                "protocol": "tcp",
                "security_groups": [],
                "self": false,
                "to_port": 22
              }
            ],
            "name": "tt1_security_group",
            "name_prefix": null,
            "owner_id": "790841530660",
            "revoke_rules_on_delete": false,
            "tags": {
              "Name": "tt1_security_group"
            },
            "timeouts": null,
            "vpc_id": "vpc-d68598be"
          },
          "private": "eyJlMmJmYjczMC1lY2FhLTExZTYtOGY4OC0zNDM2M2JjN2M0YzAiOnsiY3JlYXRlIjo2MDAwMDAwMDAwMDAsImRlbGV0ZSI6NjAwMDAwMDAwMDAwfSwic2NoZW1hX3ZlcnNpb24iOiIxIn0=",
          "dependencies": [
            "aws_key_pair.tt1_key_pair",
            "tls_private_key.tt1_key"
          ]
        }
      ]
    },
    {
      "mode": "managed",
      "type": "aws_volume_attachment",
      "name": "tt1_ebs1_attach",
      "provider": "provider.aws",
      "instances": [
        {
          "schema_version": 0,
          "attributes": {
            "device_name": "/dev/sdh",
            "force_detach": true,
            "id": "vai-3261405134",
            "instance_id": "i-0d902f534900b4b0b",
            "skip_destroy": null,
            "volume_id": "vol-06fa10177685926c8"
          },
          "private": "bnVsbA==",
          "dependencies": [
            "aws_ebs_volume.tt1_ebs1",
            "aws_instance.tt1_web_OS",
            "aws_key_pair.tt1_key_pair",
            "aws_security_group.tt1_security_group",
            "tls_private_key.tt1_key"
          ]
        }
      ]
    },
    {
      "mode": "managed",
      "type": "local_file",
      "name": "tt1_key_file",
      "provider": "provider.local",
      "instances": [
        {
          "schema_version": 0,
          "attributes": {
            "content": "-----BEGIN RSA PRIVATE KEY-----\nMIIEowIBAAKCAQEAtLpcJMzTb1zKy5tbfBZvP7arhMWCHUPviTbaeN+qU1u3o9Dm\nSBIrGPQd6V5nGuTTdMDgJGNYSMOLl1lgT8+ni6b4kKhog9+9tFnyWPnnTUqr6nPY\nQAKvx7RVK3RzdD6kkhWUEM7vjEJKknqrJdcve++uyZYW2Uu/diGVoMWLirLHwlfP\ntlgXHnsscfQIEv9MssalLUdowFudBu5BNFtZTNt3ZHd4mC7DxvmDaEk7+8e4TwPJ\nKqz8PPMxtPTFBuMu0BJexNNm2myCnPzhtjxhrQweurcQ6cMF+PMoIEMnkVHN/g+C\nlFRaeVi+kTyBKjKVT2M5+rVJXR1U6ekAa01k3wIDAQABAoIBAG2nAI8nY0WXBEgC\ny7//EKKUn35gI3DELkqPaICcHAiVhlczQPULaPCr9JYKO/56Rb355ETPrdoAIurC\nRIhIEnzN4tRKCZexobUSOdM4VNl1a9dFUDiOKL6/MEm8TuyBsXIc+4gzNe5grkQv\nfzXnWJ0WsHMIyHYw2kq/V7yC/wY4K1tckMjUMpWrXOtMra4TUeQN/nEPsjHMj1k+\n5uzTGF5Qq6sUxGSVmnAmgnhrMeIvxesKbISfjDOtiO0WbqUHezLWRZXNXdjG7Kbo\nxl3qO1yz3wg1EiVUW2o/5feVNYgMw18zD7SzQK9LfpGZVxnB2UYI4oZLfm5Mchxh\nMb9hLQkCgYEA4g/E030oKPI/FeKFV1Dsywp8uNPqAxClIof50b6U18Vbc18hZ9Hb\ngFZtWVXpJXzLn3smOiQMH6wTF13xCJeveNaQoM4FJ7QLIMmg3/Oa3RNfbUSQ0quC\ntiD1JV9eLc2wMWWjpzRQarg9IAuJZwUvIoJmwKr8Z87+gQjLSKZPqAsCgYEAzKmh\nz7UfJLlb9ag3JGvE2YrG7E9ig45iVLsjEn0R2ArexBkcgwsIfZwgrpNik9Z84Og1\nMpSLQ0JjwK2jNe6eWCmQhXS8cOcqbGD5/0iZNFyyiMjpPUtPnE5ApOhxXXhXeuyT\n9fQI+aIjpgJcrarqE1SIr8iNnlX3u4tWtR6mNv0CgYEAulFi2Sh7dBwM8L2tRsUV\nFVfEahWG9xW99RL7TOr2BEzOTe2nO8lUT5dsMshDC7mqnfxDCoJxV51cctLjeUCD\nyGWX+GE1EH8s+M4WAN7n0bRI32c2sdvYNMI/KplKpxezU1NBKetNKFhHUOURT06P\nhbLSe5OxyuFpE/KqkWs5lfcCgYBM1bJl5D2Y7+3SQCDTj5ILico8lWEKur23ybnV\nCxdT4GDZhgPqPo4leiPa5oIvtmqTlRnDr3jI+3evsoB/kuHnf1M+hyDn0iFfJtk0\nOfEqc1Kjf6nw1QFCUS57urg0uyU8hOzXfZKRBYoUnPZmTLAsKaRXOhfQxb2HrzwS\nKzuDkQKBgHkChcil63pSXq8sKPrc+dQpPzxUAlPkakvhmTxbgRrDvdrSZIhPjqrH\nMT+VCtV54DuL/fR6F9tC+Y1PfgPcMy9ygP9XeCgFMZcyycyJZkpd0db1/nlPu7tE\nCiXNt8ONIGmVlG/xKjoRPNiQg5wdqMjprmVYLZR/qL2suzIPE+dh\n-----END RSA PRIVATE KEY-----\n",
            "content_base64": null,
            "directory_permission": "0777",
            "file_permission": "0777",
            "filename": "tt1_key.pem",
            "id": "e3be096e84f3312e7469fcbce4514e822c14df46",
            "sensitive_content": null
          },
          "private": "bnVsbA==",
          "dependencies": [
            "tls_private_key.tt1_key"
          ]
        }
      ]
    },
    {
      "mode": "managed",
      "type": "null_resource",
      "name": "start_website",
      "provider": "provider.null",
      "instances": [
        {
          "schema_version": 0,
          "attributes": {
            "id": "8854764790617182283",
            "triggers": null
          },
          "private": "bnVsbA==",
          "dependencies": [
            "aws_cloudfront_distribution.tt1_cloudfront",
            "aws_instance.tt1_web_OS",
            "aws_key_pair.tt1_key_pair",
            "aws_s3_bucket.tt1_bucket",
            "aws_s3_bucket_public_access_block.tt1_bucket",
            "aws_security_group.tt1_security_group",
            "null_resource.tt1_cloudfront_result",
            "tls_private_key.tt1_key"
          ]
        }
      ]
    },
    {
      "mode": "managed",
      "type": "null_resource",
      "name": "tt1_cloudfront_result",
      "provider": "provider.null",
      "instances": [
        {
          "schema_version": 0,
          "attributes": {
            "id": "1930729881866144555",
            "triggers": null
          },
          "private": "bnVsbA==",
          "dependencies": [
            "aws_cloudfront_distribution.tt1_cloudfront",
            "aws_instance.tt1_web_OS",
            "aws_key_pair.tt1_key_pair",
            "aws_s3_bucket.tt1_bucket",
            "aws_s3_bucket_public_access_block.tt1_bucket",
            "aws_security_group.tt1_security_group",
            "tls_private_key.tt1_key"
          ]
        }
      ]
    },
    {
      "mode": "managed",
      "type": "null_resource",
      "name": "tt1_image",
      "provider": "provider.null",
      "instances": [
        {
          "schema_version": 0,
          "attributes": {
            "id": "8474840404391001070",
            "triggers": null
          },
          "private": "bnVsbA=="
        }
      ]
    },
    {
      "mode": "managed",
      "type": "null_resource",
      "name": "tt1_mount",
      "provider": "provider.null",
      "instances": [
        {
          "schema_version": 0,
          "attributes": {
            "id": "786224025799186287",
            "triggers": null
          },
          "private": "bnVsbA==",
          "dependencies": [
            "aws_ebs_volume.tt1_ebs1",
            "aws_instance.tt1_web_OS",
            "aws_key_pair.tt1_key_pair",
            "aws_security_group.tt1_security_group",
            "aws_volume_attachment.tt1_ebs1_attach",
            "tls_private_key.tt1_key"
          ]
        }
      ]
    },
    {
      "mode": "managed",
      "type": "tls_private_key",
      "name": "tt1_key",
      "provider": "provider.tls",
      "instances": [
        {
          "schema_version": 0,
          "attributes": {
            "algorithm": "RSA",
            "ecdsa_curve": "P224",
            "id": "2d40cdacd0b4851d27751de9cde04a1d03e9b143",
            "private_key_pem": "-----BEGIN RSA PRIVATE KEY-----\nMIIEowIBAAKCAQEAtLpcJMzTb1zKy5tbfBZvP7arhMWCHUPviTbaeN+qU1u3o9Dm\nSBIrGPQd6V5nGuTTdMDgJGNYSMOLl1lgT8+ni6b4kKhog9+9tFnyWPnnTUqr6nPY\nQAKvx7RVK3RzdD6kkhWUEM7vjEJKknqrJdcve++uyZYW2Uu/diGVoMWLirLHwlfP\ntlgXHnsscfQIEv9MssalLUdowFudBu5BNFtZTNt3ZHd4mC7DxvmDaEk7+8e4TwPJ\nKqz8PPMxtPTFBuMu0BJexNNm2myCnPzhtjxhrQweurcQ6cMF+PMoIEMnkVHN/g+C\nlFRaeVi+kTyBKjKVT2M5+rVJXR1U6ekAa01k3wIDAQABAoIBAG2nAI8nY0WXBEgC\ny7//EKKUn35gI3DELkqPaICcHAiVhlczQPULaPCr9JYKO/56Rb355ETPrdoAIurC\nRIhIEnzN4tRKCZexobUSOdM4VNl1a9dFUDiOKL6/MEm8TuyBsXIc+4gzNe5grkQv\nfzXnWJ0WsHMIyHYw2kq/V7yC/wY4K1tckMjUMpWrXOtMra4TUeQN/nEPsjHMj1k+\n5uzTGF5Qq6sUxGSVmnAmgnhrMeIvxesKbISfjDOtiO0WbqUHezLWRZXNXdjG7Kbo\nxl3qO1yz3wg1EiVUW2o/5feVNYgMw18zD7SzQK9LfpGZVxnB2UYI4oZLfm5Mchxh\nMb9hLQkCgYEA4g/E030oKPI/FeKFV1Dsywp8uNPqAxClIof50b6U18Vbc18hZ9Hb\ngFZtWVXpJXzLn3smOiQMH6wTF13xCJeveNaQoM4FJ7QLIMmg3/Oa3RNfbUSQ0quC\ntiD1JV9eLc2wMWWjpzRQarg9IAuJZwUvIoJmwKr8Z87+gQjLSKZPqAsCgYEAzKmh\nz7UfJLlb9ag3JGvE2YrG7E9ig45iVLsjEn0R2ArexBkcgwsIfZwgrpNik9Z84Og1\nMpSLQ0JjwK2jNe6eWCmQhXS8cOcqbGD5/0iZNFyyiMjpPUtPnE5ApOhxXXhXeuyT\n9fQI+aIjpgJcrarqE1SIr8iNnlX3u4tWtR6mNv0CgYEAulFi2Sh7dBwM8L2tRsUV\nFVfEahWG9xW99RL7TOr2BEzOTe2nO8lUT5dsMshDC7mqnfxDCoJxV51cctLjeUCD\nyGWX+GE1EH8s+M4WAN7n0bRI32c2sdvYNMI/KplKpxezU1NBKetNKFhHUOURT06P\nhbLSe5OxyuFpE/KqkWs5lfcCgYBM1bJl5D2Y7+3SQCDTj5ILico8lWEKur23ybnV\nCxdT4GDZhgPqPo4leiPa5oIvtmqTlRnDr3jI+3evsoB/kuHnf1M+hyDn0iFfJtk0\nOfEqc1Kjf6nw1QFCUS57urg0uyU8hOzXfZKRBYoUnPZmTLAsKaRXOhfQxb2HrzwS\nKzuDkQKBgHkChcil63pSXq8sKPrc+dQpPzxUAlPkakvhmTxbgRrDvdrSZIhPjqrH\nMT+VCtV54DuL/fR6F9tC+Y1PfgPcMy9ygP9XeCgFMZcyycyJZkpd0db1/nlPu7tE\nCiXNt8ONIGmVlG/xKjoRPNiQg5wdqMjprmVYLZR/qL2suzIPE+dh\n-----END RSA PRIVATE KEY-----\n",
            "public_key_fingerprint_md5": "ff:4c:7b:01:1b:ea:d2:17:f7:9e:2c:d2:de:12:b8:ed",
            "public_key_openssh": "ssh-rsa AAAAB3NzaC1yc2EAAAADAQABAAABAQC0ulwkzNNvXMrLm1t8Fm8/tquExYIdQ++JNtp436pTW7ej0OZIEisY9B3pXmca5NN0wOAkY1hIw4uXWWBPz6eLpviQqGiD3720WfJY+edNSqvqc9hAAq/HtFUrdHN0PqSSFZQQzu+MQkqSeqsl1y97767JlhbZS792IZWgxYuKssfCV8+2WBceeyxx9AgS/0yyxqUtR2jAW50G7kE0W1lM23dkd3iYLsPG+YNoSTv7x7hPA8kqrPw88zG09MUG4y7QEl7E02babIKc/OG2PGGtDB66txDpwwX48yggQyeRUc3+D4KUVFp5WL6RPIEqMpVPYzn6tUldHVTp6QBrTWTf\n",
            "public_key_pem": "-----BEGIN PUBLIC KEY-----\nMIIBIjANBgkqhkiG9w0BAQEFAAOCAQ8AMIIBCgKCAQEAtLpcJMzTb1zKy5tbfBZv\nP7arhMWCHUPviTbaeN+qU1u3o9DmSBIrGPQd6V5nGuTTdMDgJGNYSMOLl1lgT8+n\ni6b4kKhog9+9tFnyWPnnTUqr6nPYQAKvx7RVK3RzdD6kkhWUEM7vjEJKknqrJdcv\ne++uyZYW2Uu/diGVoMWLirLHwlfPtlgXHnsscfQIEv9MssalLUdowFudBu5BNFtZ\nTNt3ZHd4mC7DxvmDaEk7+8e4TwPJKqz8PPMxtPTFBuMu0BJexNNm2myCnPzhtjxh\nrQweurcQ6cMF+PMoIEMnkVHN/g+ClFRaeVi+kTyBKjKVT2M5+rVJXR1U6ekAa01k\n3wIDAQAB\n-----END PUBLIC KEY-----\n",
            "rsa_bits": 2048
          },
          "private": "bnVsbA=="
        }
      ]
    }
  ]
}
